
Microsoft Visual Studio Solution File, Format Version 12.00
# Visual Studio Version 17
VisualStudioVersion = 17.5.002.0
MinimumVisualStudioVersion = 10.0.40219.1
Project("{9A19103F-16F7-4668-BE54-9A1E7A4F7556}") = "ContosoPizza", "ContosoPizza.csproj", "{B6FCAC42-6E89-4485-B74D-96A3FEAE8BD9}"
EndProject
Global
	GlobalSection(SolutionConfigurationPlatforms) = preSolution
		Debug|Any CPU = Debug|Any CPU
		Release|Any CPU = Release|Any CPU
	EndGlobalSection
	GlobalSection(ProjectConfigurationPlatforms) = postSolution
		{B6FCAC42-6E89-4485-B74D-96A3FEAE8BD9}.Debug|Any CPU.ActiveCfg = Debug|Any CPU
		{B6FCAC42-6E89-4485-B74D-96A3FEAE8BD9}.Debug|Any CPU.Build.0 = Debug|Any CPU
		{B6FCAC42-6E89-4485-B74D-96A3FEAE8BD9}.Release|Any CPU.ActiveCfg = Release|Any CPU
		{B6FCAC42-6E89-4485-B74D-96A3FEAE8BD9}.Release|Any CPU.Build.0 = Release|Any CPU
	EndGlobalSection
	GlobalSection(SolutionProperties) = preSolution
		HideSolutionNode = FALSE
	EndGlobalSection
	GlobalSection(ExtensibilityGlobals) = postSolution
		SolutionGuid = {786B5D56-E682-421E-9AC6-1666B37EC4BA}
	EndGlobalSection
EndGlobal
